{
  "name": "generateclient-via-swagger",
  "version": "1.0.0",
  "lockfileVersion": 1,
  "requires": true,
  "dependencies": {
    "@microsoft.azure/autorest.typescript": {
      "version": "2.3.3",
      "resolved": "https://registry.npmjs.org/@microsoft.azure/autorest.typescript/-/autorest.typescript-2.3.3.tgz",
      "integrity": "sha512-+NuxOYSd6bcmdcVFmq6ux9fxuL5AehkQkU8oJuSXYxhIny2xberaaUledhFG71BHd9jKNNPcfJGQl1unLPKkZw==",
      "requires": {
        "dotnet-2.0.0": "^1.4.4"
      }
    },
    "autorest": {
      "version": "2.0.4283",
      "resolved": "https://registry.npmjs.org/autorest/-/autorest-2.0.4283.tgz",
      "integrity": "sha512-3jU9yDR71d2thRnKdPH03DaWbla1Iqnrx2rqUUwbMrb4di36a8+nttCQaTWG7biWPJc6Ke6zSSTzFH0uhya+Nw=="
    },
    "dotnet-2.0.0": {
      "version": "1.4.4",
      "resolved": "https://registry.npmjs.org/dotnet-2.0.0/-/dotnet-2.0.0-1.4.4.tgz",
      "integrity": "sha512-KDbUncVUhwkJH2wjL9gbUWQ5NcZIe+PFEI0CGTMtX5TImFG6Nlt9CABVGBBG+oWf13zLARaBVenkD20moz1NPw=="
    }
  }
}
