{
  "name": "swagger",
  "version": "1.0.0",
  "lockfileVersion": 1,
  "requires": true,
  "dependencies": {
    "@microsoft.azure/autorest-core": {
      "version": "2.0.4289",
      "resolved": "https://registry.npmjs.org/@microsoft.azure/autorest-core/-/autorest-core-2.0.4289.tgz",
      "integrity": "sha512-gAVclg30OZNMOKQCfCNp+tALAYHDs/1hmPgScEh546gwPQy8+M3+4BYGiWEMG5/xHVRoB/nsau2SsSkNz+zFTw==",
      "requires": {
        "typescript": "2.6.2"
      }
    },
    "@microsoft.azure/autorest.typescript": {
      "version": "2.0.611",
      "resolved": "https://registry.npmjs.org/@microsoft.azure/autorest.typescript/-/autorest.typescript-2.0.611.tgz",
      "integrity": "sha512-N7CgBQeHcyl3FId2gqAN8t03ZXZeWToPEERARhBRPnfpntuC793cPNwwUBUVFPy9QH0T/N/Zw6CO1SeB8aHxIA==",
      "requires": {
        "dotnet-2.0.0": "^1.4.4"
      }
    },
    "autorest": {
      "version": "2.0.4283",
      "resolved": "https://registry.npmjs.org/autorest/-/autorest-2.0.4283.tgz",
      "integrity": "sha512-3jU9yDR71d2thRnKdPH03DaWbla1Iqnrx2rqUUwbMrb4di36a8+nttCQaTWG7biWPJc6Ke6zSSTzFH0uhya+Nw=="
    },
    "dotnet-2.0.0": {
      "version": "1.4.4",
      "resolved": "https://registry.npmjs.org/dotnet-2.0.0/-/dotnet-2.0.0-1.4.4.tgz",
      "integrity": "sha512-KDbUncVUhwkJH2wjL9gbUWQ5NcZIe+PFEI0CGTMtX5TImFG6Nlt9CABVGBBG+oWf13zLARaBVenkD20moz1NPw=="
    },
    "typescript": {
      "version": "2.6.2",
      "resolved": "https://registry.npmjs.org/typescript/-/typescript-2.6.2.tgz",
      "integrity": "sha1-PFtv1/beCRQmkCfwPAlGdY92c6Q="
    }
  }
}
