{
  "name": "botbuilder-expression",
  "version": "4.5.0",
  "lockfileVersion": 1,
  "requires": true,
  "dependencies": {
    "@types/mocha": {
      "version": "5.2.6",
      "resolved": "https://registry.npmjs.org/@types/mocha/-/mocha-5.2.6.tgz",
      "integrity": "sha512-1axi39YdtBI7z957vdqXI4Ac25e7YihYQtJa+Clnxg1zTJEaIRbndt71O3sP4GAMgiAm0pY26/b9BrY4MR/PMw==",
      "dev": true
    },
    "@types/readline-sync": {
      "version": "1.4.3",
      "resolved": "https://registry.npmjs.org/@types/readline-sync/-/readline-sync-1.4.3.tgz",
      "integrity": "sha512-YP9NVli96E+qQLAF2db+VjnAUEeZcFVg4YnMgr8kpDUFwQBnj31rPLOVHmazbKQhaIkJ9cMHsZhpKdzUeL0KTg==",
      "dev": true
    },
    "readline-sync": {
      "version": "1.4.9",
      "resolved": "https://registry.npmjs.org/readline-sync/-/readline-sync-1.4.9.tgz",
      "integrity": "sha1-PtqOZfI80qF+YTAbHwADOWr17No="
    }
  }
}
