{
  "name": "botbuilder-expression",
  "version": "4.5.0",
  "lockfileVersion": 1,
  "requires": true,
  "dependencies": {
    "@microsoft/recognizers-text-data-types-timex-expression": {
      "version": "1.1.4",
      "resolved": "https://registry.npmjs.org/@microsoft/recognizers-text-data-types-timex-expression/-/recognizers-text-data-types-timex-expression-1.1.4.tgz",
      "integrity": "sha512-2vICaEJfV9EpaDKs5P1PLAEs+WpNqrtpkl7CLsmc5gKmxgpQtsojG4tk6km5JRKg1mYuLV5ZzJ/65oOEeyTMvQ=="
    },
    "@types/mocha": {
      "version": "5.2.6",
      "resolved": "https://registry.npmjs.org/@types/mocha/-/mocha-5.2.6.tgz",
      "integrity": "sha512-1axi39YdtBI7z957vdqXI4Ac25e7YihYQtJa+Clnxg1zTJEaIRbndt71O3sP4GAMgiAm0pY26/b9BrY4MR/PMw==",
      "dev": true
    }
  }
}
