{
	"requires": true,
	"lockfileVersion": 1,
	"dependencies": {
		"botbuilder-core": {
			"version": "4.0.0-preview1.2",
			"resolved": "https://registry.npmjs.org/botbuilder-core/-/botbuilder-core-4.0.0-preview1.2.tgz",
			"integrity": "sha512-3W8cT9ZdyrCocuNgqX6GBjXYhR9emggclZX7UIf6ZeVNImkQ/A9WmZzMtW6Fiqs+pFTnvaIzNRr0ira5oVVD1w==",
			"requires": {
				"@types/node": "^9.3.0",
				"assert": "^1.4.1",
				"botframework-schema": "4.0.0-preview1.2"
			},
			"dependencies": {
				"@types/node": {
					"version": "9.6.27",
					"resolved": "https://registry.npmjs.org/@types/node/-/node-9.6.27.tgz",
					"integrity": "sha512-fGWGG9Wypv6JZLIrnq9jXFX/FhQzgNccTlojez9hBbQ9UiBdxtc0ONMMe4/vnB2nDgOMDpPR/7HhenUB+Bw5yQ=="
				},
				"assert": {
					"version": "1.4.1",
					"resolved": "https://registry.npmjs.org/assert/-/assert-1.4.1.tgz",
					"integrity": "sha1-mZEtWRg2tab1s0XA8H7vwI/GXZE=",
					"requires": {
						"util": "0.10.3"
					}
				},
				"botframework-schema": {
					"version": "4.0.0-preview1.2",
					"resolved": "https://registry.npmjs.org/botframework-schema/-/botframework-schema-4.0.0-preview1.2.tgz",
					"integrity": "sha512-AVTUFV/v1elUid2KQCo9ToZrLXR/TF0aJwsPOINK5Lx00VkXcGN3nKZDQpGxAYfz4SUxyjVTPhwm59YaC2Mw4w==",
					"requires": {
						"@types/node": "^9.3.0"
					}
				},
				"inherits": {
					"version": "2.0.1",
					"resolved": "https://registry.npmjs.org/inherits/-/inherits-2.0.1.tgz",
					"integrity": "sha1-sX0I0ya0Qj5Wjv9xn5GwscvfafE="
				},
				"util": {
					"version": "0.10.3",
					"resolved": "https://registry.npmjs.org/util/-/util-0.10.3.tgz",
					"integrity": "sha1-evsa/lCAUkZInj23/g7TeTNqwPk=",
					"requires": {
						"inherits": "2.0.1"
					}
				}
			}
		}
	}
}
