{
	"name": "botbuilder-ai",
	"version": "4.0.0-preview1.2",
	"lockfileVersion": 1,
	"requires": true,
	"dependencies": {
		"assert": {
			"version": "1.4.1",
			"resolved": "https://registry.npmjs.org/assert/-/assert-1.4.1.tgz",
			"integrity": "sha1-mZEtWRg2tab1s0XA8H7vwI/GXZE=",
			"requires": {
				"util": "0.10.3"
			}
		},
		"assertion-error": {
			"version": "1.1.0",
			"resolved": "https://registry.npmjs.org/assertion-error/-/assertion-error-1.1.0.tgz",
			"integrity": "sha512-jgsaNduz+ndvGyFt3uSuWqvy4lCnIJiovtouQN5JZHOKCS2QuhEdbcQHFhVksz2N2U9hXJo8odG7ETyWlEeuDw=="
		},
		"botbuilder-core": {
			"version": "4.0.0-preview1.2",
			"resolved": "https://registry.npmjs.org/botbuilder-core/-/botbuilder-core-4.0.0-preview1.2.tgz",
			"integrity": "sha512-3W8cT9ZdyrCocuNgqX6GBjXYhR9emggclZX7UIf6ZeVNImkQ/A9WmZzMtW6Fiqs+pFTnvaIzNRr0ira5oVVD1w==",
			"requires": {
				"@types/node": "^9.3.0",
				"assert": "^1.4.1",
				"botframework-schema": "4.0.0-preview1.2"
			},
			"dependencies": {
				"@types/node": {
					"version": "9.6.27",
					"resolved": "https://registry.npmjs.org/@types/node/-/node-9.6.27.tgz",
					"integrity": "sha512-fGWGG9Wypv6JZLIrnq9jXFX/FhQzgNccTlojez9hBbQ9UiBdxtc0ONMMe4/vnB2nDgOMDpPR/7HhenUB+Bw5yQ=="
				}
			}
		},
		"botframework-schema": {
			"version": "4.0.0-preview1.2",
			"resolved": "https://registry.npmjs.org/botframework-schema/-/botframework-schema-4.0.0-preview1.2.tgz",
			"integrity": "sha512-AVTUFV/v1elUid2KQCo9ToZrLXR/TF0aJwsPOINK5Lx00VkXcGN3nKZDQpGxAYfz4SUxyjVTPhwm59YaC2Mw4w==",
			"requires": {
				"@types/node": "^9.3.0"
			},
			"dependencies": {
				"@types/node": {
					"version": "9.6.27",
					"resolved": "https://registry.npmjs.org/@types/node/-/node-9.6.27.tgz",
					"integrity": "sha512-fGWGG9Wypv6JZLIrnq9jXFX/FhQzgNccTlojez9hBbQ9UiBdxtc0ONMMe4/vnB2nDgOMDpPR/7HhenUB+Bw5yQ=="
				}
			}
		},
		"chai": {
			"version": "4.1.2",
			"resolved": "https://registry.npmjs.org/chai/-/chai-4.1.2.tgz",
			"integrity": "sha1-D2RYS6ZC8PKs4oBiefTwbKI61zw=",
			"requires": {
				"assertion-error": "^1.0.1",
				"check-error": "^1.0.1",
				"deep-eql": "^3.0.0",
				"get-func-name": "^2.0.0",
				"pathval": "^1.0.0",
				"type-detect": "^4.0.0"
			}
		},
		"check-error": {
			"version": "1.0.2",
			"resolved": "https://registry.npmjs.org/check-error/-/check-error-1.0.2.tgz",
			"integrity": "sha1-V00xLt2Iu13YkS6Sht1sCu1KrII="
		},
		"debug": {
			"version": "3.1.0",
			"resolved": "https://registry.npmjs.org/debug/-/debug-3.1.0.tgz",
			"integrity": "sha512-OX8XqP7/1a9cqkxYw2yXss15f26NKWBpDXQd0/uK/KPqdQhxbPa994hnzjcE2VqQpDslf55723cKPUOGSmMY3g==",
			"requires": {
				"ms": "2.0.0"
			}
		},
		"deep-eql": {
			"version": "3.0.1",
			"resolved": "https://registry.npmjs.org/deep-eql/-/deep-eql-3.0.1.tgz",
			"integrity": "sha512-+QeIQyN5ZuO+3Uk5DYh6/1eKO0m0YmJFGNmFHGACpf1ClL1nmlV/p4gNgbl2pJGxgXb4faqo6UE+M5ACEMyVcw==",
			"requires": {
				"type-detect": "^4.0.0"
			}
		},
		"deep-equal": {
			"version": "1.0.1",
			"resolved": "https://registry.npmjs.org/deep-equal/-/deep-equal-1.0.1.tgz",
			"integrity": "sha1-9dJgKStmDghO/0zbyfCK0yR0SLU="
		},
		"get-func-name": {
			"version": "2.0.0",
			"resolved": "https://registry.npmjs.org/get-func-name/-/get-func-name-2.0.0.tgz",
			"integrity": "sha1-6td0q+5y4gQJQzoGY2YCPdaIekE="
		},
		"inherits": {
			"version": "2.0.1",
			"resolved": "https://registry.npmjs.org/inherits/-/inherits-2.0.1.tgz",
			"integrity": "sha1-sX0I0ya0Qj5Wjv9xn5GwscvfafE="
		},
		"json-stringify-safe": {
			"version": "5.0.1",
			"resolved": "https://registry.npmjs.org/json-stringify-safe/-/json-stringify-safe-5.0.1.tgz",
			"integrity": "sha1-Epai1Y/UXxmg9s4B1lcB4sc1tus="
		},
		"lodash": {
			"version": "4.17.10",
			"resolved": "https://registry.npmjs.org/lodash/-/lodash-4.17.10.tgz",
			"integrity": "sha512-UejweD1pDoXu+AD825lWwp4ZGtSwgnpZxb3JDViD7StjQz+Nb/6l093lx4OQ0foGWNRoc19mWy7BzL+UAK2iVg=="
		},
		"minimist": {
			"version": "0.0.8",
			"resolved": "https://registry.npmjs.org/minimist/-/minimist-0.0.8.tgz",
			"integrity": "sha1-hX/Kv8M5fSYluCKCYuhqp6ARsF0="
		},
		"mkdirp": {
			"version": "0.5.1",
			"resolved": "https://registry.npmjs.org/mkdirp/-/mkdirp-0.5.1.tgz",
			"integrity": "sha1-MAV0OOrGz3+MR2fzhkjWaX11yQM=",
			"requires": {
				"minimist": "0.0.8"
			}
		},
		"moment": {
			"version": "2.20.1",
			"resolved": "http://bbnpm.azurewebsites.net/moment/-/moment-2.20.1.tgz",
			"integrity": "sha512-Yh9y73JRljxW5QxN08Fner68eFLxM5ynNOAw2LbIB1YAGeQzZT8QFSUvkAz609Zf+IHhhaUxqZK8dG3W/+HEvg=="
		},
		"ms": {
			"version": "2.0.0",
			"resolved": "https://registry.npmjs.org/ms/-/ms-2.0.0.tgz",
			"integrity": "sha1-VgiurfwAvmwpAd9fmGF4jeDVl8g="
		},
		"nock": {
			"version": "9.6.1",
			"resolved": "https://registry.npmjs.org/nock/-/nock-9.6.1.tgz",
			"integrity": "sha512-EDgl/WgNQ0C1BZZlASOQkQdE6tAWXJi8QQlugqzN64JJkvZ7ILijZuG24r4vCC7yOfnm6HKpne5AGExLGCeBWg==",
			"requires": {
				"chai": "^4.1.2",
				"debug": "^3.1.0",
				"deep-equal": "^1.0.0",
				"json-stringify-safe": "^5.0.1",
				"lodash": "^4.17.5",
				"mkdirp": "^0.5.0",
				"propagate": "^1.0.0",
				"qs": "^6.5.1",
				"semver": "^5.5.0"
			}
		},
		"pathval": {
			"version": "1.1.0",
			"resolved": "https://registry.npmjs.org/pathval/-/pathval-1.1.0.tgz",
			"integrity": "sha1-uULm1L3mUwBe9rcTYd74cn0GReA="
		},
		"propagate": {
			"version": "1.0.0",
			"resolved": "https://registry.npmjs.org/propagate/-/propagate-1.0.0.tgz",
			"integrity": "sha1-AMLa7t2iDofjeCs0Stuhzd1q1wk="
		},
		"qs": {
			"version": "6.5.2",
			"resolved": "https://registry.npmjs.org/qs/-/qs-6.5.2.tgz",
			"integrity": "sha512-N5ZAX4/LxJmF+7wN74pUD6qAh9/wnvdQcjq9TZjevvXzSUo7bfmw91saqMjzGS2xq91/odN2dW/WOl7qQHNDGA=="
		},
		"semver": {
			"version": "5.5.0",
			"resolved": "https://registry.npmjs.org/semver/-/semver-5.5.0.tgz",
			"integrity": "sha512-4SJ3dm0WAwWy/NVeioZh5AntkdJoWKxHxcmyP622fOkgHa4z3R0TdBJICINyaSDE6uNwVc8gZr+ZinwZAH4xIA=="
		},
		"type-detect": {
			"version": "4.0.8",
			"resolved": "https://registry.npmjs.org/type-detect/-/type-detect-4.0.8.tgz",
			"integrity": "sha512-0fr/mIH1dlO+x7TlcMy+bIDqKPsw/70tVyeHW787goQjhmqaZe10uwLujubK9q9Lg6Fiho1KUKDYz0Z7k7g5/g=="
		},
		"util": {
			"version": "0.10.3",
			"resolved": "https://registry.npmjs.org/util/-/util-0.10.3.tgz",
			"integrity": "sha1-evsa/lCAUkZInj23/g7TeTNqwPk=",
			"requires": {
				"inherits": "2.0.1"
			}
		}
	}
}
