{
	"requires": true,
	"lockfileVersion": 1,
	"dependencies": {
		"moment": {
			"version": "2.20.1",
			"resolved": "http://bbnpm.azurewebsites.net/moment/-/moment-2.20.1.tgz",
			"integrity": "sha512-Yh9y73JRljxW5QxN08Fner68eFLxM5ynNOAw2LbIB1YAGeQzZT8QFSUvkAz609Zf+IHhhaUxqZK8dG3W/+HEvg=="
		}
	}
}
