{
	"name": "botbuilder-ai",
	"version": "4.0.0-preview1.2",
	"lockfileVersion": 1,
	"requires": true,
	"dependencies": {
		"@microsoft/recognizers-text": {
			"version": "1.1.0",
			"resolved": "https://botbuilder.myget.org/F/botbuilder-v4-js-daily/npm/@microsoft/recognizers-text/-/@microsoft/recognizers-text-1.1.0.tgz",
			"integrity": "sha1-F4AFFyv9pE2q1YKfRxrtZjO/Ur4="
		},
		"@microsoft/recognizers-text-date-time": {
			"version": "1.1.0",
			"resolved": "https://botbuilder.myget.org/F/botbuilder-v4-js-daily/npm/@microsoft/recognizers-text-date-time/-/@microsoft/recognizers-text-date-time-1.1.0.tgz",
			"integrity": "sha1-rg2CRjSXuIk+zhPI8EjeK3skmbo=",
			"requires": {
				"@microsoft/recognizers-text": "~1.1.0",
				"@microsoft/recognizers-text-number": "~1.1.0",
				"@microsoft/recognizers-text-number-with-unit": "~1.1.0",
				"lodash.isequal": "^4.5.0",
				"lodash.tonumber": "^4.0.3"
			}
		},
		"@microsoft/recognizers-text-number": {
			"version": "1.1.0",
			"resolved": "https://botbuilder.myget.org/F/botbuilder-v4-js-daily/npm/@microsoft/recognizers-text-number/-/@microsoft/recognizers-text-number-1.1.0.tgz",
			"integrity": "sha1-BHVH9J8+gShuGa+Q7yudMOMsEvk=",
			"requires": {
				"@microsoft/recognizers-text": "~1.1.0",
				"lodash.escaperegexp": "^4.1.2",
				"lodash.sortby": "^4.7.0",
				"lodash.trimend": "^4.5.1"
			}
		},
		"@microsoft/recognizers-text-number-with-unit": {
			"version": "1.1.0",
			"resolved": "https://botbuilder.myget.org/F/botbuilder-v4-js-daily/npm/@microsoft/recognizers-text-number-with-unit/-/@microsoft/recognizers-text-number-with-unit-1.1.0.tgz",
			"integrity": "sha1-vEm3uinc/E4lRCb6YudBqDN0J20=",
			"requires": {
				"@microsoft/recognizers-text": "~1.1.0",
				"@microsoft/recognizers-text-number": "~1.1.0",
				"lodash.escaperegexp": "^4.1.2",
				"lodash.last": "^3.0.0",
				"lodash.max": "^4.0.1"
			}
		},
		"lodash.escaperegexp": {
			"version": "4.1.2",
			"resolved": "https://botbuilder.myget.org/F/botbuilder-v4-js-daily/npm/lodash.escaperegexp/-/lodash.escaperegexp-4.1.2.tgz",
			"integrity": "sha1-ZHYsSGGAglGKw99Mz11YhtriA0c="
		},
		"lodash.isequal": {
			"version": "4.5.0",
			"resolved": "https://botbuilder.myget.org/F/botbuilder-v4-js-daily/npm/lodash.isequal/-/lodash.isequal-4.5.0.tgz",
			"integrity": "sha1-QVxEePK8wwEgwizhDtMib30+GOA="
		},
		"lodash.last": {
			"version": "3.0.0",
			"resolved": "https://botbuilder.myget.org/F/botbuilder-v4-js-daily/npm/lodash.last/-/lodash.last-3.0.0.tgz",
			"integrity": "sha1-JC9mMRLdTG5jcoxgo8kJ0b2tvUw="
		},
		"lodash.max": {
			"version": "4.0.1",
			"resolved": "https://botbuilder.myget.org/F/botbuilder-v4-js-daily/npm/lodash.max/-/lodash.max-4.0.1.tgz",
			"integrity": "sha1-hzVWbGGLNan3YFILSHrnllivE2o="
		},
		"lodash.sortby": {
			"version": "4.7.0",
			"resolved": "https://botbuilder.myget.org/F/botbuilder-v4-js-daily/npm/lodash.sortby/-/lodash.sortby-4.7.0.tgz",
			"integrity": "sha1-7dFMgk4sycHgsKG0K7UhBRakJDg="
		},
		"lodash.tonumber": {
			"version": "4.0.3",
			"resolved": "https://botbuilder.myget.org/F/botbuilder-v4-js-daily/npm/lodash.tonumber/-/lodash.tonumber-4.0.3.tgz",
			"integrity": "sha1-C5azGzVnJ5Prf1pj7nkfG56QJdk="
		},
		"lodash.trimend": {
			"version": "4.5.1",
			"resolved": "https://botbuilder.myget.org/F/botbuilder-v4-js-daily/npm/lodash.trimend/-/lodash.trimend-4.5.1.tgz",
			"integrity": "sha1-EoBENyhrmMrYmWt5QU4RMAEUCC8="
		}
	}
}
