{
  "name": "botframework-connector",
  "version": "4.0.0",
  "lockfileVersion": 1,
  "requires": true,
  "dependencies": {
    "@types/jsonwebtoken": {
      "version": "7.2.5",
      "resolved": "https://registry.npmjs.org/@types/jsonwebtoken/-/jsonwebtoken-7.2.5.tgz",
      "integrity": "sha512-8CIcK1Vzq4w5TJyJYkLVhqASmCo1FSO1XIPQM1qv+Xo2nnb9RoRHxx8pkIzSZ4Tm9r3V4ZyFbF/fBewNPdclwA==",
      "requires": {
        "@types/node": "9.6.28"
      }
    },
    "@types/node": {
      "version": "9.6.28",
      "resolved": "https://registry.npmjs.org/@types/node/-/node-9.6.28.tgz",
      "integrity": "sha512-LMSOxMKNJ8tGqUVs8lSIT8RGo1XGWYada/ZU2QZcbcD6AW9futXDE99tfQA0K6DK60GXcwplsGGK5KABRmI5GA=="
    }
  }
}
