{
	"name": "botbuilder-lg",
	"version": "4.5.0",
	"lockfileVersion": 1,
	"requires": true,
	"dependencies": {
		"@types/mocha": {
			"version": "5.2.6",
			"resolved": "https://registry.npmjs.org/@types/mocha/-/mocha-5.2.6.tgz",
			"integrity": "sha512-1axi39YdtBI7z957vdqXI4Ac25e7YihYQtJa+Clnxg1zTJEaIRbndt71O3sP4GAMgiAm0pY26/b9BrY4MR/PMw==",
			"dev": true
		},
		"lodash": {
			"version": "4.17.15",
			"resolved": "https://registry.npmjs.org/lodash/-/lodash-4.17.15.tgz",
			"integrity": "sha1-tEf2ZwoEVbv+7dETku/zMOoJdUg="
		},
		"uuid": {
			"version": "3.3.3",
			"resolved": "https://registry.npmjs.org/uuid/-/uuid-3.3.3.tgz",
			"integrity": "sha1-RWjwIW54dg7h2/Ok0s9T4iQRKGY="
		}
	}
}
