{
	"requires": true,
	"lockfileVersion": 1,
	"dependencies": {
		"@types/node": {
			"version": "8.5.9",
			"resolved": "https://registry.npmjs.org/@types/node/-/node-8.5.9.tgz",
			"integrity": "sha512-s+c3AjymyAccTI4hcgNFK4mToH8l+hyPDhu4LIkn71lRy56FLijGu00fyLgldjM/846Pmk9N4KFUs2P8GDs0pA=="
		},
		"@types/restify": {
			"version": "5.0.7",
			"resolved": "https://registry.npmjs.org/@types/restify/-/restify-5.0.7.tgz",
			"integrity": "sha512-0bcMA32Ys6nOQnD4QD6vDvfJg7nx5Dbd+oItNFAad3lwnanm0CqxSZpPQVgVMdD4Vrq/dY7yTaEUwsXOFci2iw==",
			"requires": {
				"@types/bunyan": "1.8.4",
				"@types/node": "8.5.9",
				"@types/spdy": "3.4.4"
			},
			"dependencies": {
				"@types/bunyan": {
					"version": "1.8.4",
					"resolved": "https://registry.npmjs.org/@types/bunyan/-/bunyan-1.8.4.tgz",
					"integrity": "sha512-bxOF3fsm69ezKxdcJ7Oo/PsZMOJ+JIV/QJO2IADfScmR3sLulR88dpSnz6+q+9JJ1kD7dXFFgUrGRSKHLkOX7w==",
					"requires": {
						"@types/events": "1.1.0",
						"@types/node": "8.5.9"
					}
				},
				"@types/events": {
					"version": "1.1.0",
					"resolved": "https://registry.npmjs.org/@types/events/-/events-1.1.0.tgz",
					"integrity": "sha512-y3bR98mzYOo0pAZuiLari+cQyiKk3UXRuT45h1RjhfeCzqkjaVsfZJNaxdgtk7/3tzOm1ozLTqEqMP3VbI48jw=="
				},
				"@types/spdy": {
					"version": "3.4.4",
					"resolved": "https://registry.npmjs.org/@types/spdy/-/spdy-3.4.4.tgz",
					"integrity": "sha512-N9LBlbVRRYq6HgYpPkqQc3a9HJ/iEtVZToW6xlTtJiMhmRJ7jJdV7TaZQJw/Ve/1ePUsQiCTDc4JMuzzag94GA==",
					"requires": {
						"@types/node": "8.5.9"
					}
				}
			}
		}
	}
}
